
Microsoft Visual Studio Solution File, Format Version 12.00
# Visual Studio Version 17
VisualStudioVersion = 17.9.34714.143
MinimumVisualStudioVersion = 10.0.40219.1
Project("{9A19103F-16F7-4668-BE54-9A1E7A4F7556}") = "FinanceManagement", "FinanceManagement\FinanceManagement.csproj", "{2C757144-A790-42D6-A550-92F51BA64755}"
EndProject
Project("{9A19103F-16F7-4668-BE54-9A1E7A4F7556}") = "Domain", "Domain\Domain.csproj", "{839BF68A-2CA4-43D7-A0ED-FF3962458F4D}"
EndProject
Project("{9A19103F-16F7-4668-BE54-9A1E7A4F7556}") = "Application", "Application\Application.csproj", "{66E7828D-2226-4BA5-A2C8-CF953A0EBBDA}"
EndProject
Project("{9A19103F-16F7-4668-BE54-9A1E7A4F7556}") = "Infrastructure", "Infrastructure\Infrastructure.csproj", "{48FDD1E0-6785-4FD9-903C-1CF7395AE651}"
EndProject
Global
	GlobalSection(SolutionConfigurationPlatforms) = preSolution
		Debug|Any CPU = Debug|Any CPU
		Release|Any CPU = Release|Any CPU
	EndGlobalSection
	GlobalSection(ProjectConfigurationPlatforms) = postSolution
		{2C757144-A790-42D6-A550-92F51BA64755}.Debug|Any CPU.ActiveCfg = Debug|Any CPU
		{2C757144-A790-42D6-A550-92F51BA64755}.Debug|Any CPU.Build.0 = Debug|Any CPU
		{2C757144-A790-42D6-A550-92F51BA64755}.Release|Any CPU.ActiveCfg = Release|Any CPU
		{2C757144-A790-42D6-A550-92F51BA64755}.Release|Any CPU.Build.0 = Release|Any CPU
		{839BF68A-2CA4-43D7-A0ED-FF3962458F4D}.Debug|Any CPU.ActiveCfg = Debug|Any CPU
		{839BF68A-2CA4-43D7-A0ED-FF3962458F4D}.Debug|Any CPU.Build.0 = Debug|Any CPU
		{839BF68A-2CA4-43D7-A0ED-FF3962458F4D}.Release|Any CPU.ActiveCfg = Release|Any CPU
		{839BF68A-2CA4-43D7-A0ED-FF3962458F4D}.Release|Any CPU.Build.0 = Release|Any CPU
		{66E7828D-2226-4BA5-A2C8-CF953A0EBBDA}.Debug|Any CPU.ActiveCfg = Debug|Any CPU
		{66E7828D-2226-4BA5-A2C8-CF953A0EBBDA}.Debug|Any CPU.Build.0 = Debug|Any CPU
		{66E7828D-2226-4BA5-A2C8-CF953A0EBBDA}.Release|Any CPU.ActiveCfg = Release|Any CPU
		{66E7828D-2226-4BA5-A2C8-CF953A0EBBDA}.Release|Any CPU.Build.0 = Release|Any CPU
		{48FDD1E0-6785-4FD9-903C-1CF7395AE651}.Debug|Any CPU.ActiveCfg = Debug|Any CPU
		{48FDD1E0-6785-4FD9-903C-1CF7395AE651}.Debug|Any CPU.Build.0 = Debug|Any CPU
		{48FDD1E0-6785-4FD9-903C-1CF7395AE651}.Release|Any CPU.ActiveCfg = Release|Any CPU
		{48FDD1E0-6785-4FD9-903C-1CF7395AE651}.Release|Any CPU.Build.0 = Release|Any CPU
	EndGlobalSection
	GlobalSection(SolutionProperties) = preSolution
		HideSolutionNode = FALSE
	EndGlobalSection
	GlobalSection(ExtensibilityGlobals) = postSolution
		SolutionGuid = {826816A8-4B25-45BC-96DD-08AD8EC89EC8}
	EndGlobalSection
EndGlobal
